
Microsoft Visual Studio Solution File, Format Version 12.00
# Visual Studio Version 16
VisualStudioVersion = 16.0.30907.101
MinimumVisualStudioVersion = 10.0.40219.1
Project("{9A19103F-16F7-4668-BE54-9A1E7A4F7556}") = "Mootex.Hashing.Blake2", "src\Mootex.Hashing.Blake2\Mootex.Hashing.Blake2.csproj", "{1D0D34E0-D335-4F0C-902C-FAA92F9594C6}"
EndProject
Project("{2150E333-8FDC-42A3-9474-1A3956D46DE8}") = "Hashing", "Hashing", "{247F9EF6-B7A5-4E87-BF98-F71B5D11C0B0}"
EndProject
Project("{9A19103F-16F7-4668-BE54-9A1E7A4F7556}") = "Mootex.Hashing", "src\Mootex.Hashing\Mootex.Hashing.csproj", "{05A2869F-477D-4EA0-9E10-30DEF2D989F4}"
EndProject
Project("{2150E333-8FDC-42A3-9474-1A3956D46DE8}") = "Encryption", "Encryption", "{2BD839F2-FD02-440B-9D63-54AD98568DDD}"
EndProject
Project("{9A19103F-16F7-4668-BE54-9A1E7A4F7556}") = "Mootex.Encryption", "src\Mootex.Encryption\Mootex.Encryption.csproj", "{5ACBB3F2-C1A9-4232-A8A7-F8C41E53BB81}"
EndProject
Project("{FAE04EC0-301F-11D3-BF4B-00C04F79EFBC}") = "Mootex.Encryption.Test", "src\Mootex.Encryption.Test\Mootex.Encryption.Test.csproj", "{A6F8C3D0-8324-42EA-B9DD-62FC89DD25E3}"
EndProject
Global
	GlobalSection(SolutionConfigurationPlatforms) = preSolution
		Debug|Any CPU = Debug|Any CPU
		Release|Any CPU = Release|Any CPU
	EndGlobalSection
	GlobalSection(ProjectConfigurationPlatforms) = postSolution
		{1D0D34E0-D335-4F0C-902C-FAA92F9594C6}.Debug|Any CPU.ActiveCfg = Debug|Any CPU
		{1D0D34E0-D335-4F0C-902C-FAA92F9594C6}.Debug|Any CPU.Build.0 = Debug|Any CPU
		{1D0D34E0-D335-4F0C-902C-FAA92F9594C6}.Release|Any CPU.ActiveCfg = Release|Any CPU
		{1D0D34E0-D335-4F0C-902C-FAA92F9594C6}.Release|Any CPU.Build.0 = Release|Any CPU
		{05A2869F-477D-4EA0-9E10-30DEF2D989F4}.Debug|Any CPU.ActiveCfg = Debug|Any CPU
		{05A2869F-477D-4EA0-9E10-30DEF2D989F4}.Debug|Any CPU.Build.0 = Debug|Any CPU
		{05A2869F-477D-4EA0-9E10-30DEF2D989F4}.Release|Any CPU.ActiveCfg = Release|Any CPU
		{05A2869F-477D-4EA0-9E10-30DEF2D989F4}.Release|Any CPU.Build.0 = Release|Any CPU
		{5ACBB3F2-C1A9-4232-A8A7-F8C41E53BB81}.Debug|Any CPU.ActiveCfg = Debug|Any CPU
		{5ACBB3F2-C1A9-4232-A8A7-F8C41E53BB81}.Debug|Any CPU.Build.0 = Debug|Any CPU
		{5ACBB3F2-C1A9-4232-A8A7-F8C41E53BB81}.Release|Any CPU.ActiveCfg = Release|Any CPU
		{5ACBB3F2-C1A9-4232-A8A7-F8C41E53BB81}.Release|Any CPU.Build.0 = Release|Any CPU
		{A6F8C3D0-8324-42EA-B9DD-62FC89DD25E3}.Debug|Any CPU.ActiveCfg = Debug|Any CPU
		{A6F8C3D0-8324-42EA-B9DD-62FC89DD25E3}.Debug|Any CPU.Build.0 = Debug|Any CPU
		{A6F8C3D0-8324-42EA-B9DD-62FC89DD25E3}.Release|Any CPU.ActiveCfg = Release|Any CPU
		{A6F8C3D0-8324-42EA-B9DD-62FC89DD25E3}.Release|Any CPU.Build.0 = Release|Any CPU
	EndGlobalSection
	GlobalSection(SolutionProperties) = preSolution
		HideSolutionNode = FALSE
	EndGlobalSection
	GlobalSection(NestedProjects) = preSolution
		{1D0D34E0-D335-4F0C-902C-FAA92F9594C6} = {247F9EF6-B7A5-4E87-BF98-F71B5D11C0B0}
		{05A2869F-477D-4EA0-9E10-30DEF2D989F4} = {247F9EF6-B7A5-4E87-BF98-F71B5D11C0B0}
		{5ACBB3F2-C1A9-4232-A8A7-F8C41E53BB81} = {2BD839F2-FD02-440B-9D63-54AD98568DDD}
		{A6F8C3D0-8324-42EA-B9DD-62FC89DD25E3} = {2BD839F2-FD02-440B-9D63-54AD98568DDD}
	EndGlobalSection
	GlobalSection(ExtensibilityGlobals) = postSolution
		SolutionGuid = {FD2C02DA-22C4-4E61-B33C-4CFCBD3FE6CB}
	EndGlobalSection
EndGlobal
